
Microsoft Visual Studio Solution File, Format Version 12.00
# Visual Studio Version 16
VisualStudioVersion = 16.0.31321.278
MinimumVisualStudioVersion = 10.0.40219.1
Project("{8BC9CEB8-8B4A-11D0-8D11-00A0C91BC942}") = "GUI_Work_wxWidgets", "GUI_Work_wxWidgets.vcxproj", "{07FF8D86-5777-46D2-9DBD-4065A1250367}"
EndProject
Global
	GlobalSection(SolutionConfigurationPlatforms) = preSolution
		Debug|x64 = Debug|x64
		Debug|x86 = Debug|x86
		Release|x64 = Release|x64
		Release|x86 = Release|x86
	EndGlobalSection
	GlobalSection(ProjectConfigurationPlatforms) = postSolution
		{07FF8D86-5777-46D2-9DBD-4065A1250367}.Debug|x64.ActiveCfg = Debug|x64
		{07FF8D86-5777-46D2-9DBD-4065A1250367}.Debug|x64.Build.0 = Debug|x64
		{07FF8D86-5777-46D2-9DBD-4065A1250367}.Debug|x86.ActiveCfg = Debug|Win32
		{07FF8D86-5777-46D2-9DBD-4065A1250367}.Debug|x86.Build.0 = Debug|Win32
		{07FF8D86-5777-46D2-9DBD-4065A1250367}.Release|x64.ActiveCfg = Release|x64
		{07FF8D86-5777-46D2-9DBD-4065A1250367}.Release|x64.Build.0 = Release|x64
		{07FF8D86-5777-46D2-9DBD-4065A1250367}.Release|x86.ActiveCfg = Release|Win32
		{07FF8D86-5777-46D2-9DBD-4065A1250367}.Release|x86.Build.0 = Release|Win32
	EndGlobalSection
	GlobalSection(SolutionProperties) = preSolution
		HideSolutionNode = FALSE
	EndGlobalSection
	GlobalSection(ExtensibilityGlobals) = postSolution
		SolutionGuid = {11B1BBDE-0276-4A4F-AB69-2D6D04294026}
	EndGlobalSection
EndGlobal
